
Microsoft Visual Studio Solution File, Format Version 12.00
# Visual Studio Version 16
VisualStudioVersion = 16.0.31515.178
MinimumVisualStudioVersion = 10.0.40219.1
Project("{FAE04EC0-301F-11D3-BF4B-00C04F79EFBC}") = "PruebaDeAlkemy", "PruebaDeAlkemy.csproj", "{68E94F6B-A4DA-489B-A417-E54CB4548764}"
EndProject
Global
	GlobalSection(SolutionConfigurationPlatforms) = preSolution
		Debug|Any CPU = Debug|Any CPU
		Release|Any CPU = Release|Any CPU
	EndGlobalSection
	GlobalSection(ProjectConfigurationPlatforms) = postSolution
		{68E94F6B-A4DA-489B-A417-E54CB4548764}.Debug|Any CPU.ActiveCfg = Debug|Any CPU
		{68E94F6B-A4DA-489B-A417-E54CB4548764}.Debug|Any CPU.Build.0 = Debug|Any CPU
		{68E94F6B-A4DA-489B-A417-E54CB4548764}.Release|Any CPU.ActiveCfg = Release|Any CPU
		{68E94F6B-A4DA-489B-A417-E54CB4548764}.Release|Any CPU.Build.0 = Release|Any CPU
	EndGlobalSection
	GlobalSection(SolutionProperties) = preSolution
		HideSolutionNode = FALSE
	EndGlobalSection
	GlobalSection(ExtensibilityGlobals) = postSolution
		SolutionGuid = {32F3636E-FBB6-49CD-8BF8-2AAFA8642D82}
	EndGlobalSection
EndGlobal
